{
  "name": "parse-sf2",
  "version": "1.0.0",
  "lockfileVersion": 1,
  "requires": true,
  "dependencies": {
    "mkdiv": {
      "version": "1.0.0",
      "resolved": "https://registry.npmjs.org/mkdiv/-/mkdiv-1.0.0.tgz",
      "integrity": "sha512-NuXapWyFJsAWVVtFoWlOGXwFWNGqXhEEoj9dGJQxv9CwtGD4XhMmTCxo6CXLPtLOORod6OIxyr/RsLKo2DEQ+w=="
    }
  }
}
