{
  "name": "parse-sf2",
  "version": "1.0.0",
  "lockfileVersion": 2,
  "requires": true,
  "packages": {
    "": {
      "name": "parse-sf2",
      "version": "1.0.0",
      "license": "ISC",
      "dependencies": {
        "midiread": "^2.0.1",
        "mkdiv": "^1.0.0",
        "parse-sf2": "^2.1.2"
      }
    },
    "node_modules/midiread": {
      "version": "2.0.1",
      "resolved": "https://registry.npmjs.org/midiread/-/midiread-2.0.1.tgz",
      "integrity": "sha512-zEpeb2x6XSblpp+9tIyd42y9QIUJJL0U3kNVQpYeESM+48XykgcKqoyCzdQ5Pvn4696Ga/+kZekfRV72IthQAQ=="
    },
    "node_modules/mkdiv": {
      "version": "1.0.0",
      "resolved": "https://registry.npmjs.org/mkdiv/-/mkdiv-1.0.0.tgz",
      "integrity": "sha512-NuXapWyFJsAWVVtFoWlOGXwFWNGqXhEEoj9dGJQxv9CwtGD4XhMmTCxo6CXLPtLOORod6OIxyr/RsLKo2DEQ+w=="
    },
    "node_modules/parse-sf2": {
      "version": "2.1.2",
      "resolved": "https://registry.npmjs.org/parse-sf2/-/parse-sf2-2.1.2.tgz",
      "integrity": "sha512-Z4w01bLLn3WLx6ywkeYSRpxVzPl7JJQ9GRi4Ji2DFyAx2jTB2pJ8aFsEZb9jONN2XwJwLMPq0ZrMUq9d7OCetA==",
      "hasInstallScript": true
    }
  },
  "dependencies": {
    "midiread": {
      "version": "2.0.1",
      "resolved": "https://registry.npmjs.org/midiread/-/midiread-2.0.1.tgz",
      "integrity": "sha512-zEpeb2x6XSblpp+9tIyd42y9QIUJJL0U3kNVQpYeESM+48XykgcKqoyCzdQ5Pvn4696Ga/+kZekfRV72IthQAQ=="
    },
    "mkdiv": {
      "version": "1.0.0",
      "resolved": "https://registry.npmjs.org/mkdiv/-/mkdiv-1.0.0.tgz",
      "integrity": "sha512-NuXapWyFJsAWVVtFoWlOGXwFWNGqXhEEoj9dGJQxv9CwtGD4XhMmTCxo6CXLPtLOORod6OIxyr/RsLKo2DEQ+w=="
    },
    "parse-sf2": {
      "version": "2.1.2",
      "resolved": "https://registry.npmjs.org/parse-sf2/-/parse-sf2-2.1.2.tgz",
      "integrity": "sha512-Z4w01bLLn3WLx6ywkeYSRpxVzPl7JJQ9GRi4Ji2DFyAx2jTB2pJ8aFsEZb9jONN2XwJwLMPq0ZrMUq9d7OCetA=="
    }
  }
}
